
Microsoft Visual Studio Solution File, Format Version 12.00
# Visual Studio 2012
Project("{FAE04EC0-301F-11D3-BF4B-00C04F79EFBC}") = "Hack.Droid", "Droid\Hack.Droid.csproj", "{90F1906D-5D39-4FA5-BFB5-632F320E8C77}"
EndProject
Project("{FAE04EC0-301F-11D3-BF4B-00C04F79EFBC}") = "HackNET", "NetStandart\HackNET.csproj", "{DD60916E-3773-4ACC-8CCB-BF0CFC18B5D7}"
EndProject
Project("{FAE04EC0-301F-11D3-BF4B-00C04F79EFBC}") = "Hack.IOS", "IOS\Hack.IOS.csproj", "{33A5C9B5-19D2-445B-ADDD-A8D8910A29E7}"
EndProject
Global
	GlobalSection(SolutionConfigurationPlatforms) = preSolution
		Debug|Any CPU = Debug|Any CPU
		Release|Any CPU = Release|Any CPU
		Debug|iPhoneSimulator = Debug|iPhoneSimulator
		Release|iPhone = Release|iPhone
		Release|iPhoneSimulator = Release|iPhoneSimulator
		Debug|iPhone = Debug|iPhone
	EndGlobalSection
	GlobalSection(ProjectConfigurationPlatforms) = postSolution
		{90F1906D-5D39-4FA5-BFB5-632F320E8C77}.Debug|Any CPU.ActiveCfg = Debug|Any CPU
		{90F1906D-5D39-4FA5-BFB5-632F320E8C77}.Debug|Any CPU.Build.0 = Debug|Any CPU
		{90F1906D-5D39-4FA5-BFB5-632F320E8C77}.Release|Any CPU.ActiveCfg = Release|Any CPU
		{90F1906D-5D39-4FA5-BFB5-632F320E8C77}.Release|Any CPU.Build.0 = Release|Any CPU
		{90F1906D-5D39-4FA5-BFB5-632F320E8C77}.Debug|iPhoneSimulator.ActiveCfg = Debug|Any CPU
		{90F1906D-5D39-4FA5-BFB5-632F320E8C77}.Debug|iPhoneSimulator.Build.0 = Debug|Any CPU
		{90F1906D-5D39-4FA5-BFB5-632F320E8C77}.Release|iPhone.ActiveCfg = Release|Any CPU
		{90F1906D-5D39-4FA5-BFB5-632F320E8C77}.Release|iPhone.Build.0 = Release|Any CPU
		{90F1906D-5D39-4FA5-BFB5-632F320E8C77}.Release|iPhoneSimulator.ActiveCfg = Release|Any CPU
		{90F1906D-5D39-4FA5-BFB5-632F320E8C77}.Release|iPhoneSimulator.Build.0 = Release|Any CPU
		{90F1906D-5D39-4FA5-BFB5-632F320E8C77}.Debug|iPhone.ActiveCfg = Debug|Any CPU
		{90F1906D-5D39-4FA5-BFB5-632F320E8C77}.Debug|iPhone.Build.0 = Debug|Any CPU
		{DD60916E-3773-4ACC-8CCB-BF0CFC18B5D7}.Debug|Any CPU.ActiveCfg = Debug|Any CPU
		{DD60916E-3773-4ACC-8CCB-BF0CFC18B5D7}.Debug|Any CPU.Build.0 = Debug|Any CPU
		{DD60916E-3773-4ACC-8CCB-BF0CFC18B5D7}.Release|Any CPU.ActiveCfg = Release|Any CPU
		{DD60916E-3773-4ACC-8CCB-BF0CFC18B5D7}.Release|Any CPU.Build.0 = Release|Any CPU
		{DD60916E-3773-4ACC-8CCB-BF0CFC18B5D7}.Debug|iPhoneSimulator.ActiveCfg = Debug|Any CPU
		{DD60916E-3773-4ACC-8CCB-BF0CFC18B5D7}.Debug|iPhoneSimulator.Build.0 = Debug|Any CPU
		{DD60916E-3773-4ACC-8CCB-BF0CFC18B5D7}.Release|iPhone.ActiveCfg = Release|Any CPU
		{DD60916E-3773-4ACC-8CCB-BF0CFC18B5D7}.Release|iPhone.Build.0 = Release|Any CPU
		{DD60916E-3773-4ACC-8CCB-BF0CFC18B5D7}.Release|iPhoneSimulator.ActiveCfg = Release|Any CPU
		{DD60916E-3773-4ACC-8CCB-BF0CFC18B5D7}.Release|iPhoneSimulator.Build.0 = Release|Any CPU
		{DD60916E-3773-4ACC-8CCB-BF0CFC18B5D7}.Debug|iPhone.ActiveCfg = Debug|Any CPU
		{DD60916E-3773-4ACC-8CCB-BF0CFC18B5D7}.Debug|iPhone.Build.0 = Debug|Any CPU
		{33A5C9B5-19D2-445B-ADDD-A8D8910A29E7}.Debug|Any CPU.ActiveCfg = Debug|iPhoneSimulator
		{33A5C9B5-19D2-445B-ADDD-A8D8910A29E7}.Debug|Any CPU.Build.0 = Debug|iPhoneSimulator
		{33A5C9B5-19D2-445B-ADDD-A8D8910A29E7}.Release|Any CPU.ActiveCfg = Release|iPhone
		{33A5C9B5-19D2-445B-ADDD-A8D8910A29E7}.Release|Any CPU.Build.0 = Release|iPhone
		{33A5C9B5-19D2-445B-ADDD-A8D8910A29E7}.Debug|iPhoneSimulator.ActiveCfg = Debug|iPhoneSimulator
		{33A5C9B5-19D2-445B-ADDD-A8D8910A29E7}.Debug|iPhoneSimulator.Build.0 = Debug|iPhoneSimulator
		{33A5C9B5-19D2-445B-ADDD-A8D8910A29E7}.Release|iPhone.ActiveCfg = Release|iPhone
		{33A5C9B5-19D2-445B-ADDD-A8D8910A29E7}.Release|iPhone.Build.0 = Release|iPhone
		{33A5C9B5-19D2-445B-ADDD-A8D8910A29E7}.Release|iPhoneSimulator.ActiveCfg = Release|iPhoneSimulator
		{33A5C9B5-19D2-445B-ADDD-A8D8910A29E7}.Release|iPhoneSimulator.Build.0 = Release|iPhoneSimulator
		{33A5C9B5-19D2-445B-ADDD-A8D8910A29E7}.Debug|iPhone.ActiveCfg = Debug|iPhone
		{33A5C9B5-19D2-445B-ADDD-A8D8910A29E7}.Debug|iPhone.Build.0 = Debug|iPhone
	EndGlobalSection
EndGlobal
